
Microsoft Visual Studio Solution File, Format Version 12.00
# Visual Studio 15
VisualStudioVersion = 15.0.28010.2036
MinimumVisualStudioVersion = 10.0.40219.1
Project("{9A19103F-16F7-4668-BE54-9A1E7A4F7556}") = "AperiTech.AzureDevOps.Calculator", "AperiTech.AzureDevOps.Calculator\AperiTech.AzureDevOps.Calculator.csproj", "{99F5A5BB-72D1-4A6B-80F4-E80787B5FC9E}"
EndProject
Project("{FAE04EC0-301F-11D3-BF4B-00C04F79EFBC}") = "AperiTech.AzureDevOps.Calculator.Tests", "AperiTech.AzureDevOps.Calculator.Tests\AperiTech.AzureDevOps.Calculator.Tests.csproj", "{D2EA41A5-8A43-4A84-B7BB-C9AE87595832}"
EndProject
Global
	GlobalSection(SolutionConfigurationPlatforms) = preSolution
		Debug|Any CPU = Debug|Any CPU
		Release|Any CPU = Release|Any CPU
	EndGlobalSection
	GlobalSection(ProjectConfigurationPlatforms) = postSolution
		{99F5A5BB-72D1-4A6B-80F4-E80787B5FC9E}.Debug|Any CPU.ActiveCfg = Debug|Any CPU
		{99F5A5BB-72D1-4A6B-80F4-E80787B5FC9E}.Debug|Any CPU.Build.0 = Debug|Any CPU
		{99F5A5BB-72D1-4A6B-80F4-E80787B5FC9E}.Release|Any CPU.ActiveCfg = Release|Any CPU
		{99F5A5BB-72D1-4A6B-80F4-E80787B5FC9E}.Release|Any CPU.Build.0 = Release|Any CPU
		{D2EA41A5-8A43-4A84-B7BB-C9AE87595832}.Debug|Any CPU.ActiveCfg = Debug|Any CPU
		{D2EA41A5-8A43-4A84-B7BB-C9AE87595832}.Debug|Any CPU.Build.0 = Debug|Any CPU
		{D2EA41A5-8A43-4A84-B7BB-C9AE87595832}.Release|Any CPU.ActiveCfg = Release|Any CPU
		{D2EA41A5-8A43-4A84-B7BB-C9AE87595832}.Release|Any CPU.Build.0 = Release|Any CPU
	EndGlobalSection
	GlobalSection(SolutionProperties) = preSolution
		HideSolutionNode = FALSE
	EndGlobalSection
	GlobalSection(ExtensibilityGlobals) = postSolution
		SolutionGuid = {1FEC649E-503F-4576-ABAA-772773577C9C}
	EndGlobalSection
EndGlobal
